
Microsoft Visual Studio Solution File, Format Version 12.00
# Visual Studio Version 17
VisualStudioVersion = 17.5.002.0
MinimumVisualStudioVersion = 10.0.40219.1
Project("{9A19103F-16F7-4668-BE54-9A1E7A4F7556}") = "MoneyTrackerApp", "MoneyTrackerApp.csproj", "{21CCF7BB-80CF-44E4-B85F-2CE354603E69}"
EndProject
Global
	GlobalSection(SolutionConfigurationPlatforms) = preSolution
		Debug|Any CPU = Debug|Any CPU
		Release|Any CPU = Release|Any CPU
	EndGlobalSection
	GlobalSection(ProjectConfigurationPlatforms) = postSolution
		{21CCF7BB-80CF-44E4-B85F-2CE354603E69}.Debug|Any CPU.ActiveCfg = Debug|Any CPU
		{21CCF7BB-80CF-44E4-B85F-2CE354603E69}.Debug|Any CPU.Build.0 = Debug|Any CPU
		{21CCF7BB-80CF-44E4-B85F-2CE354603E69}.Release|Any CPU.ActiveCfg = Release|Any CPU
		{21CCF7BB-80CF-44E4-B85F-2CE354603E69}.Release|Any CPU.Build.0 = Release|Any CPU
	EndGlobalSection
	GlobalSection(SolutionProperties) = preSolution
		HideSolutionNode = FALSE
	EndGlobalSection
	GlobalSection(ExtensibilityGlobals) = postSolution
		SolutionGuid = {8265BE01-04CA-452A-B97C-ABB3A134B902}
	EndGlobalSection
EndGlobal
